
Microsoft Visual Studio Solution File, Format Version 12.00
# Visual Studio 15
Project("{FAE04EC0-301F-11D3-BF4B-00C04F79EFBC}") = "Assembly-CSharp", "Assembly-CSharp.csproj", "{47613618-8B54-F70F-DCB5-4CA67FA08DD9}"
EndProject
Project("{FAE04EC0-301F-11D3-BF4B-00C04F79EFBC}") = "Oculus.VR", "Oculus.VR.csproj", "{DA4AFB5A-3D01-3A88-C263-F7B29D9BEBEA}"
EndProject
Project("{FAE04EC0-301F-11D3-BF4B-00C04F79EFBC}") = "Assembly-CSharp-Editor", "Assembly-CSharp-Editor.csproj", "{A31EFA3F-CF6F-5369-732F-98D17A1EFFCD}"
EndProject
Project("{FAE04EC0-301F-11D3-BF4B-00C04F79EFBC}") = "Oculus.VR.Scripts.Editor", "Oculus.VR.Scripts.Editor.csproj", "{F6E2EAEA-0F1A-8345-9091-BD76D2DF896A}"
EndProject
Project("{FAE04EC0-301F-11D3-BF4B-00C04F79EFBC}") = "Oculus.VR.Editor", "Oculus.VR.Editor.csproj", "{36F400ED-7F28-63B6-62E4-ACE3DB0FF058}"
EndProject
Global
	GlobalSection(SolutionConfigurationPlatforms) = preSolution
		Debug|Any CPU = Debug|Any CPU
		Release|Any CPU = Release|Any CPU
	EndGlobalSection
	GlobalSection(ProjectConfigurationPlatforms) = postSolution
		{47613618-8B54-F70F-DCB5-4CA67FA08DD9}.Debug|Any CPU.ActiveCfg = Debug|Any CPU
		{47613618-8B54-F70F-DCB5-4CA67FA08DD9}.Debug|Any CPU.Build.0 = Debug|Any CPU
		{47613618-8B54-F70F-DCB5-4CA67FA08DD9}.Release|Any CPU.ActiveCfg = Release|Any CPU
		{47613618-8B54-F70F-DCB5-4CA67FA08DD9}.Release|Any CPU.Build.0 = Release|Any CPU
		{DA4AFB5A-3D01-3A88-C263-F7B29D9BEBEA}.Debug|Any CPU.ActiveCfg = Debug|Any CPU
		{DA4AFB5A-3D01-3A88-C263-F7B29D9BEBEA}.Debug|Any CPU.Build.0 = Debug|Any CPU
		{DA4AFB5A-3D01-3A88-C263-F7B29D9BEBEA}.Release|Any CPU.ActiveCfg = Release|Any CPU
		{DA4AFB5A-3D01-3A88-C263-F7B29D9BEBEA}.Release|Any CPU.Build.0 = Release|Any CPU
		{A31EFA3F-CF6F-5369-732F-98D17A1EFFCD}.Debug|Any CPU.ActiveCfg = Debug|Any CPU
		{A31EFA3F-CF6F-5369-732F-98D17A1EFFCD}.Debug|Any CPU.Build.0 = Debug|Any CPU
		{A31EFA3F-CF6F-5369-732F-98D17A1EFFCD}.Release|Any CPU.ActiveCfg = Release|Any CPU
		{A31EFA3F-CF6F-5369-732F-98D17A1EFFCD}.Release|Any CPU.Build.0 = Release|Any CPU
		{F6E2EAEA-0F1A-8345-9091-BD76D2DF896A}.Debug|Any CPU.ActiveCfg = Debug|Any CPU
		{F6E2EAEA-0F1A-8345-9091-BD76D2DF896A}.Debug|Any CPU.Build.0 = Debug|Any CPU
		{F6E2EAEA-0F1A-8345-9091-BD76D2DF896A}.Release|Any CPU.ActiveCfg = Release|Any CPU
		{F6E2EAEA-0F1A-8345-9091-BD76D2DF896A}.Release|Any CPU.Build.0 = Release|Any CPU
		{36F400ED-7F28-63B6-62E4-ACE3DB0FF058}.Debug|Any CPU.ActiveCfg = Debug|Any CPU
		{36F400ED-7F28-63B6-62E4-ACE3DB0FF058}.Debug|Any CPU.Build.0 = Debug|Any CPU
		{36F400ED-7F28-63B6-62E4-ACE3DB0FF058}.Release|Any CPU.ActiveCfg = Release|Any CPU
		{36F400ED-7F28-63B6-62E4-ACE3DB0FF058}.Release|Any CPU.Build.0 = Release|Any CPU
	EndGlobalSection
	GlobalSection(SolutionProperties) = preSolution
		HideSolutionNode = FALSE
	EndGlobalSection
EndGlobal
